// !$*UTF8*$!
{
	archiveVersion = 1;
	classes = {
	};
	objectVersion = 46;
	objects = {

/* Begin PBXBuildFile section */
		95F277E41CDBA40600E70847 /* AppDelegate.swift in Sources */ = {isa = PBXBuildFile; fileRef = 95F277E31CDBA40600E70847 /* AppDelegate.swift */; };
		95F277E61CDBA40600E70847 /* ViewController.swift in Sources */ = {isa = PBXBuildFile; fileRef = 95F277E51CDBA40600E70847 /* ViewController.swift */; };
		95F277E91CDBA40600E70847 /* Main.storyboard in Resources */ = {isa = PBXBuildFile; fileRef = 95F277E71CDBA40600E70847 /* Main.storyboard */; };
		95F277EB1CDBA40700E70847 /* Assets.xcassets in Resources */ = {isa = PBXBuildFile; fileRef = 95F277EA1CDBA40700E70847 /* Assets.xcassets */; };
		95F277EE1CDBA40700E70847 /* LaunchScreen.storyboard in Resources */ = {isa = PBXBuildFile; fileRef = 95F277EC1CDBA40700E70847 /* LaunchScreen.storyboard */; };
		95F277F91CDBA40700E70847 /* tipsterTests.swift in Sources */ = {isa = PBXBuildFile; fileRef = 95F277F81CDBA40700E70847 /* tipsterTests.swift */; };
		95F278041CDBA40700E70847 /* tipsterUITests.swift in Sources */ = {isa = PBXBuildFile; fileRef = 95F278031CDBA40700E70847 /* tipsterUITests.swift */; };
/* End PBXBuildFile section */

/* Begin PBXContainerItemProxy section */
		95F277F51CDBA40700E70847 /* PBXContainerItemProxy */ = {
			isa = PBXContainerItemProxy;
			containerPortal = 95F277D81CDBA40600E70847 /* Project object */;
			proxyType = 1;
			remoteGlobalIDString = 95F277DF1CDBA40600E70847;
			remoteInfo = tipster;
		};
		95F278001CDBA40700E70847 /* PBXContainerItemProxy */ = {
			isa = PBXContainerItemProxy;
			containerPortal = 95F277D81CDBA40600E70847 /* Project object */;
			proxyType = 1;
			remoteGlobalIDString = 95F277DF1CDBA40600E70847;
			remoteInfo = tipster;
		};
/* End PBXContainerItemProxy section */

/* Begin PBXFileReference section */
		95F277E01CDBA40600E70847 /* tipster.app */ = {isa = PBXFileReference; explicitFileType = wrapper.application; includeInIndex = 0; path = tipster.app; sourceTree = BUILT_PRODUCTS_DIR; };
		95F277E31CDBA40600E70847 /* AppDelegate.swift */ = {isa = PBXFileReference; lastKnownFileType = sourcecode.swift; path = AppDelegate.swift; sourceTree = "<group>"; };
		95F277E51CDBA40600E70847 /* ViewController.swift */ = {isa = PBXFileReference; lastKnownFileType = sourcecode.swift; path = ViewController.swift; sourceTree = "<group>"; };
		95F277E81CDBA40600E70847 /* Base */ = {isa = PBXFileReference; lastKnownFileType = file.storyboard; name = Base; path = Base.lproj/Main.storyboard; sourceTree = "<group>"; };
		95F277EA1CDBA40700E70847 /* Assets.xcassets */ = {isa = PBXFileReference; lastKnownFileType = folder.assetcatalog; path = Assets.xcassets; sourceTree = "<group>"; };
		95F277ED1CDBA40700E70847 /* Base */ = {isa = PBXFileReference; lastKnownFileType = file.storyboard; name = Base; path = Base.lproj/LaunchScreen.storyboard; sourceTree = "<group>"; };
		95F277EF1CDBA40700E70847 /* Info.plist */ = {isa = PBXFileReference; lastKnownFileType = text.plist.xml; path = Info.plist; sourceTree = "<group>"; };
		95F277F41CDBA40700E70847 /* tipsterTests.xctest */ = {isa = PBXFileReference; explicitFileType = wrapper.cfbundle; includeInIndex = 0; path = tipsterTests.xctest; sourceTree = BUILT_PRODUCTS_DIR; };
		95F277F81CDBA40700E70847 /* tipsterTests.swift */ = {isa = PBXFileReference; lastKnownFileType = sourcecode.swift; path = tipsterTests.swift; sourceTree = "<group>"; };
		95F277FA1CDBA40700E70847 /* Info.plist */ = {isa = PBXFileReference; lastKnownFileType = text.plist.xml; path = Info.plist; sourceTree = "<group>"; };
		95F277FF1CDBA40700E70847 /* tipsterUITests.xctest */ = {isa = PBXFileReference; explicitFileType = wrapper.cfbundle; includeInIndex = 0; path = tipsterUITests.xctest; sourceTree = BUILT_PRODUCTS_DIR; };
		95F278031CDBA40700E70847 /* tipsterUITests.swift */ = {isa = PBXFileReference; lastKnownFileType = sourcecode.swift; path = tipsterUITests.swift; sourceTree = "<group>"; };
		95F278051CDBA40700E70847 /* Info.plist */ = {isa = PBXFileReference; lastKnownFileType = text.plist.xml; path = Info.plist; sourceTree = "<group>"; };
/* End PBXFileReference section */

/* Begin PBXFrameworksBuildPhase section */
		95F277DD1CDBA40600E70847 /* Frameworks */ = {
			isa = PBXFrameworksBuildPhase;
			buildActionMask = 2147483647;
			files = (
			);
			runOnlyForDeploymentPostprocessing = 0;
		};
		95F277F11CDBA40700E70847 /* Frameworks */ = {
			isa = PBXFrameworksBuildPhase;
			buildActionMask = 2147483647;
			files = (
			);
			runOnlyForDeploymentPostprocessing = 0;
		};
		95F277FC1CDBA40700E70847 /* Frameworks */ = {
			isa = PBXFrameworksBuildPhase;
			buildActionMask = 2147483647;
			files = (
			);
			runOnlyForDeploymentPostprocessing = 0;
		};
/* End PBXFrameworksBuildPhase section */

/* Begin PBXGroup section */
		95F277D71CDBA40600E70847 = {
			isa = PBXGroup;
			children = (
				95F277E21CDBA40600E70847 /* tipster */,
				95F277F71CDBA40700E70847 /* tipsterTests */,
				95F278021CDBA40700E70847 /* tipsterUITests */,
				95F277E11CDBA40600E70847 /* Products */,
			);
			sourceTree = "<group>";
		};
		95F277E11CDBA40600E70847 /* Products */ = {
			isa = PBXGroup;
			children = (
				95F277E01CDBA40600E70847 /* tipster.app */,
				95F277F41CDBA40700E70847 /* tipsterTests.xctest */,
				95F277FF1CDBA40700E70847 /* tipsterUITests.xctest */,
			);
			name = Products;
			sourceTree = "<group>";
		};
		95F277E21CDBA40600E70847 /* tipster */ = {
			isa = PBXGroup;
			children = (
				95F277E31CDBA40600E70847 /* AppDelegate.swift */,
				95F277E51CDBA40600E70847 /* ViewController.swift */,
				95F277E71CDBA40600E70847 /* Main.storyboard */,
				95F277EA1CDBA40700E70847 /* Assets.xcassets */,
				95F277EC1CDBA40700E70847 /* LaunchScreen.storyboard */,
				95F277EF1CDBA40700E70847 /* Info.plist */,
			);
			path = tipster;
			sourceTree = "<group>";
		};
		95F277F71CDBA40700E70847 /* tipsterTests */ = {
			isa = PBXGroup;
			children = (
				95F277F81CDBA40700E70847 /* tipsterTests.swift */,
				95F277FA1CDBA40700E70847 /* Info.plist */,
			);
			path = tipsterTests;
			sourceTree = "<group>";
		};
		95F278021CDBA40700E70847 /* tipsterUITests */ = {
			isa = PBXGroup;
			children = (
				95F278031CDBA40700E70847 /* tipsterUITests.swift */,
				95F278051CDBA40700E70847 /* Info.plist */,
			);
			path = tipsterUITests;
			sourceTree = "<group>";
		};
/* End PBXGroup section */

/* Begin PBXNativeTarget section */
		95F277DF1CDBA40600E70847 /* tipster */ = {
			isa = PBXNativeTarget;
			buildConfigurationList = 95F278081CDBA40700E70847 /* Build configuration list for PBXNativeTarget "tipster" */;
			buildPhases = (
				95F277DC1CDBA40600E70847 /* Sources */,
				95F277DD1CDBA40600E70847 /* Frameworks */,
				95F277DE1CDBA40600E70847 /* Resources */,
			);
			buildRules = (
			);
			dependencies = (
			);
			name = tipster;
			productName = tipster;
			productReference = 95F277E01CDBA40600E70847 /* tipster.app */;
			productType = "com.apple.product-type.application";
		};
		95F277F31CDBA40700E70847 /* tipsterTests */ = {
			isa = PBXNativeTarget;
			buildConfigurationList = 95F2780B1CDBA40700E70847 /* Build configuration list for PBXNativeTarget "tipsterTests" */;
			buildPhases = (
				95F277F01CDBA40700E70847 /* Sources */,
				95F277F11CDBA40700E70847 /* Frameworks */,
				95F277F21CDBA40700E70847 /* Resources */,
			);
			buildRules = (
			);
			dependencies = (
				95F277F61CDBA40700E70847 /* PBXTargetDependency */,
			);
			name = tipsterTests;
			productName = tipsterTests;
			productReference = 95F277F41CDBA40700E70847 /* tipsterTests.xctest */;
			productType = "com.apple.product-type.bundle.unit-test";
		};
		95F277FE1CDBA40700E70847 /* tipsterUITests */ = {
			isa = PBXNativeTarget;
			buildConfigurationList = 95F2780E1CDBA40700E70847 /* Build configuration list for PBXNativeTarget "tipsterUITests" */;
			buildPhases = (
				95F277FB1CDBA40700E70847 /* Sources */,
				95F277FC1CDBA40700E70847 /* Frameworks */,
				95F277FD1CDBA40700E70847 /* Resources */,
			);
			buildRules = (
			);
			dependencies = (
				95F278011CDBA40700E70847 /* PBXTargetDependency */,
			);
			name = tipsterUITests;
			productName = tipsterUITests;
			productReference = 95F277FF1CDBA40700E70847 /* tipsterUITests.xctest */;
			productType = "com.apple.product-type.bundle.ui-testing";
		};
/* End PBXNativeTarget section */

/* Begin PBXProject section */
		95F277D81CDBA40600E70847 /* Project object */ = {
			isa = PBXProject;
			attributes = {
				LastSwiftUpdateCheck = 0730;
				LastUpgradeCheck = 0730;
				ORGANIZATIONNAME = "Amy Giver";
				TargetAttributes = {
					95F277DF1CDBA40600E70847 = {
						CreatedOnToolsVersion = 7.3;
					};
					95F277F31CDBA40700E70847 = {
						CreatedOnToolsVersion = 7.3;
						TestTargetID = 95F277DF1CDBA40600E70847;
					};
					95F277FE1CDBA40700E70847 = {
						CreatedOnToolsVersion = 7.3;
						TestTargetID = 95F277DF1CDBA40600E70847;
					};
				};
			};
			buildConfigurationList = 95F277DB1CDBA40600E70847 /* Build configuration list for PBXProject "tipster" */;
			compatibilityVersion = "Xcode 3.2";
			developmentRegion = English;
			hasScannedForEncodings = 0;
			knownRegions = (
				en,
				Base,
			);
			mainGroup = 95F277D71CDBA40600E70847;
			productRefGroup = 95F277E11CDBA40600E70847 /* Products */;
			projectDirPath = "";
			projectRoot = "";
			targets = (
				95F277DF1CDBA40600E70847 /* tipster */,
				95F277F31CDBA40700E70847 /* tipsterTests */,
				95F277FE1CDBA40700E70847 /* tipsterUITests */,
			);
		};
/* End PBXProject section */

/* Begin PBXResourcesBuildPhase section */
		95F277DE1CDBA40600E70847 /* Resources */ = {
			isa = PBXResourcesBuildPhase;
			buildActionMask = 2147483647;
			files = (
				95F277EE1CDBA40700E70847 /* LaunchScreen.storyboard in Resources */,
				95F277EB1CDBA40700E70847 /* Assets.xcassets in Resources */,
				95F277E91CDBA40600E70847 /* Main.storyboard in Resources */,
			);
			runOnlyForDeploymentPostprocessing = 0;
		};
		95F277F21CDBA40700E70847 /* Resources */ = {
			isa = PBXResourcesBuildPhase;
			buildActionMask = 2147483647;
			files = (
			);
			runOnlyForDeploymentPostprocessing = 0;
		};
		95F277FD1CDBA40700E70847 /* Resources */ = {
			isa = PBXResourcesBuildPhase;
			buildActionMask = 2147483647;
			files = (
			);
			runOnlyForDeploymentPostprocessing = 0;
		};
/* End PBXResourcesBuildPhase section */

/* Begin PBXSourcesBuildPhase section */
		95F277DC1CDBA40600E70847 /* Sources */ = {
			isa = PBXSourcesBuildPhase;
			buildActionMask = 2147483647;
			files = (
				95F277E61CDBA40600E70847 /* ViewController.swift in Sources */,
				95F277E41CDBA40600E70847 /* AppDelegate.swift in Sources */,
			);
			runOnlyForDeploymentPostprocessing = 0;
		};
		95F277F01CDBA40700E70847 /* Sources */ = {
			isa = PBXSourcesBuildPhase;
			buildActionMask = 2147483647;
			files = (
				95F277F91CDBA40700E70847 /* tipsterTests.swift in Sources */,
			);
			runOnlyForDeploymentPostprocessing = 0;
		};
		95F277FB1CDBA40700E70847 /* Sources */ = {
			isa = PBXSourcesBuildPhase;
			buildActionMask = 2147483647;
			files = (
				95F278041CDBA40700E70847 /* tipsterUITests.swift in Sources */,
			);
			runOnlyForDeploymentPostprocessing = 0;
		};
/* End PBXSourcesBuildPhase section */

/* Begin PBXTargetDependency section */
		95F277F61CDBA40700E70847 /* PBXTargetDependency */ = {
			isa = PBXTargetDependency;
			target = 95F277DF1CDBA40600E70847 /* tipster */;
			targetProxy = 95F277F51CDBA40700E70847 /* PBXContainerItemProxy */;
		};
		95F278011CDBA40700E70847 /* PBXTargetDependency */ = {
			isa = PBXTargetDependency;
			target = 95F277DF1CDBA40600E70847 /* tipster */;
			targetProxy = 95F278001CDBA40700E70847 /* PBXContainerItemProxy */;
		};
/* End PBXTargetDependency section */

/* Begin PBXVariantGroup section */
		95F277E71CDBA40600E70847 /* Main.storyboard */ = {
			isa = PBXVariantGroup;
			children = (
				95F277E81CDBA40600E70847 /* Base */,
			);
			name = Main.storyboard;
			sourceTree = "<group>";
		};
		95F277EC1CDBA40700E70847 /* LaunchScreen.storyboard */ = {
			isa = PBXVariantGroup;
			children = (
				95F277ED1CDBA40700E70847 /* Base */,
			);
			name = LaunchScreen.storyboard;
			sourceTree = "<group>";
		};
/* End PBXVariantGroup section */

/* Begin XCBuildConfiguration section */
		95F278061CDBA40700E70847 /* Debug */ = {
			isa = XCBuildConfiguration;
			buildSettings = {
				ALWAYS_SEARCH_USER_PATHS = NO;
				CLANG_ANALYZER_NONNULL = YES;
				CLANG_CXX_LANGUAGE_STANDARD = "gnu++0x";
				CLANG_CXX_LIBRARY = "libc++";
				CLANG_ENABLE_MODULES = YES;
				CLANG_ENABLE_OBJC_ARC = YES;
				CLANG_WARN_BOOL_CONVERSION = YES;
				CLANG_WARN_CONSTANT_CONVERSION = YES;
				CLANG_WARN_DIRECT_OBJC_ISA_USAGE = YES_ERROR;
				CLANG_WARN_EMPTY_BODY = YES;
				CLANG_WARN_ENUM_CONVERSION = YES;
				CLANG_WARN_INT_CONVERSION = YES;
				CLANG_WARN_OBJC_ROOT_CLASS = YES_ERROR;
				CLANG_WARN_UNREACHABLE_CODE = YES;
				CLANG_WARN__DUPLICATE_METHOD_MATCH = YES;
				"CODE_SIGN_IDENTITY[sdk=iphoneos*]" = "iPhone Developer";
				COPY_PHASE_STRIP = NO;
				DEBUG_INFORMATION_FORMAT = dwarf;
				ENABLE_STRICT_OBJC_MSGSEND = YES;
				ENABLE_TESTABILITY = YES;
				GCC_C_LANGUAGE_STANDARD = gnu99;
				GCC_DYNAMIC_NO_PIC = NO;
				GCC_NO_COMMON_BLOCKS = YES;
				GCC_OPTIMIZATION_LEVEL = 0;
				GCC_PREPROCESSOR_DEFINITIONS = (
					"DEBUG=1",
					"$(inherited)",
				);
				GCC_WARN_64_TO_32_BIT_CONVERSION = YES;
				GCC_WARN_ABOUT_RETURN_TYPE = YES_ERROR;
				GCC_WARN_UNDECLARED_SELECTOR = YES;
				GCC_WARN_UNINITIALIZED_AUTOS = YES_AGGRESSIVE;
				GCC_WARN_UNUSED_FUNCTION = YES;
				GCC_WARN_UNUSED_VARIABLE = YES;
				IPHONEOS_DEPLOYMENT_TARGET = 9.3;
				MTL_ENABLE_DEBUG_INFO = YES;
				ONLY_ACTIVE_ARCH = YES;
				SDKROOT = iphoneos;
				SWIFT_OPTIMIZATION_LEVEL = "-Onone";
				TARGETED_DEVICE_FAMILY = "1,2";
			};
			name = Debug;
		};
		95F278071CDBA40700E70847 /* Release */ = {
			isa = XCBuildConfiguration;
			buildSettings = {
				ALWAYS_SEARCH_USER_PATHS = NO;
				CLANG_ANALYZER_NONNULL = YES;
				CLANG_CXX_LANGUAGE_STANDARD = "gnu++0x";
				CLANG_CXX_LIBRARY = "libc++";
				CLANG_ENABLE_MODULES = YES;
				CLANG_ENABLE_OBJC_ARC = YES;
				CLANG_WARN_BOOL_CONVERSION = YES;
				CLANG_WARN_CONSTANT_CONVERSION = YES;
				CLANG_WARN_DIRECT_OBJC_ISA_USAGE = YES_ERROR;
				CLANG_WARN_EMPTY_BODY = YES;
				CLANG_WARN_ENUM_CONVERSION = YES;
				CLANG_WARN_INT_CONVERSION = YES;
				CLANG_WARN_OBJC_ROOT_CLASS = YES_ERROR;
				CLANG_WARN_UNREACHABLE_CODE = YES;
				CLANG_WARN__DUPLICATE_METHOD_MATCH = YES;
				"CODE_SIGN_IDENTITY[sdk=iphoneos*]" = "iPhone Developer";
				COPY_PHASE_STRIP = NO;
				DEBUG_INFORMATION_FORMAT = "dwarf-with-dsym";
				ENABLE_NS_ASSERTIONS = NO;
				ENABLE_STRICT_OBJC_MSGSEND = YES;
				GCC_C_LANGUAGE_STANDARD = gnu99;
				GCC_NO_COMMON_BLOCKS = YES;
				GCC_WARN_64_TO_32_BIT_CONVERSION = YES;
				GCC_WARN_ABOUT_RETURN_TYPE = YES_ERROR;
				GCC_WARN_UNDECLARED_SELECTOR = YES;
				GCC_WARN_UNINITIALIZED_AUTOS = YES_AGGRESSIVE;
				GCC_WARN_UNUSED_FUNCTION = YES;
				GCC_WARN_UNUSED_VARIABLE = YES;
				IPHONEOS_DEPLOYMENT_TARGET = 9.3;
				MTL_ENABLE_DEBUG_INFO = NO;
				SDKROOT = iphoneos;
				TARGETED_DEVICE_FAMILY = "1,2";
				VALIDATE_PRODUCT = YES;
			};
			name = Release;
		};
		95F278091CDBA40700E70847 /* Debug */ = {
			isa = XCBuildConfiguration;
			buildSettings = {
				ASSETCATALOG_COMPILER_APPICON_NAME = AppIcon;
				INFOPLIST_FILE = tipster/Info.plist;
				LD_RUNPATH_SEARCH_PATHS = "$(inherited) @executable_path/Frameworks";
				PRODUCT_BUNDLE_IDENTIFIER = com.codingdojo.tipster;
				PRODUCT_NAME = "$(TARGET_NAME)";
			};
			name = Debug;
		};
		95F2780A1CDBA40700E70847 /* Release */ = {
			isa = XCBuildConfiguration;
			buildSettings = {
				ASSETCATALOG_COMPILER_APPICON_NAME = AppIcon;
				INFOPLIST_FILE = tipster/Info.plist;
				LD_RUNPATH_SEARCH_PATHS = "$(inherited) @executable_path/Frameworks";
				PRODUCT_BUNDLE_IDENTIFIER = com.codingdojo.tipster;
				PRODUCT_NAME = "$(TARGET_NAME)";
			};
			name = Release;
		};
		95F2780C1CDBA40700E70847 /* Debug */ = {
			isa = XCBuildConfiguration;
			buildSettings = {
				BUNDLE_LOADER = "$(TEST_HOST)";
				INFOPLIST_FILE = tipsterTests/Info.plist;
				LD_RUNPATH_SEARCH_PATHS = "$(inherited) @executable_path/Frameworks @loader_path/Frameworks";
				PRODUCT_BUNDLE_IDENTIFIER = com.codingdojo.tipsterTests;
				PRODUCT_NAME = "$(TARGET_NAME)";
				TEST_HOST = "$(BUILT_PRODUCTS_DIR)/tipster.app/tipster";
			};
			name = Debug;
		};
		95F2780D1CDBA40700E70847 /* Release */ = {
			isa = XCBuildConfiguration;
			buildSettings = {
				BUNDLE_LOADER = "$(TEST_HOST)";
				INFOPLIST_FILE = tipsterTests/Info.plist;
				LD_RUNPATH_SEARCH_PATHS = "$(inherited) @executable_path/Frameworks @loader_path/Frameworks";
				PRODUCT_BUNDLE_IDENTIFIER = com.codingdojo.tipsterTests;
				PRODUCT_NAME = "$(TARGET_NAME)";
				TEST_HOST = "$(BUILT_PRODUCTS_DIR)/tipster.app/tipster";
			};
			name = Release;
		};
		95F2780F1CDBA40700E70847 /* Debug */ = {
			isa = XCBuildConfiguration;
			buildSettings = {
				INFOPLIST_FILE = tipsterUITests/Info.plist;
				LD_RUNPATH_SEARCH_PATHS = "$(inherited) @executable_path/Frameworks @loader_path/Frameworks";
				PRODUCT_BUNDLE_IDENTIFIER = com.codingdojo.tipsterUITests;
				PRODUCT_NAME = "$(TARGET_NAME)";
				TEST_TARGET_NAME = tipster;
			};
			name = Debug;
		};
		95F278101CDBA40700E70847 /* Release */ = {
			isa = XCBuildConfiguration;
			buildSettings = {
				INFOPLIST_FILE = tipsterUITests/Info.plist;
				LD_RUNPATH_SEARCH_PATHS = "$(inherited) @executable_path/Frameworks @loader_path/Frameworks";
				PRODUCT_BUNDLE_IDENTIFIER = com.codingdojo.tipsterUITests;
				PRODUCT_NAME = "$(TARGET_NAME)";
				TEST_TARGET_NAME = tipster;
			};
			name = Release;
		};
/* End XCBuildConfiguration section */

/* Begin XCConfigurationList section */
		95F277DB1CDBA40600E70847 /* Build configuration list for PBXProject "tipster" */ = {
			isa = XCConfigurationList;
			buildConfigurations = (
				95F278061CDBA40700E70847 /* Debug */,
				95F278071CDBA40700E70847 /* Release */,
			);
			defaultConfigurationIsVisible = 0;
			defaultConfigurationName = Release;
		};
		95F278081CDBA40700E70847 /* Build configuration list for PBXNativeTarget "tipster" */ = {
			isa = XCConfigurationList;
			buildConfigurations = (
				95F278091CDBA40700E70847 /* Debug */,
				95F2780A1CDBA40700E70847 /* Release */,
			);
			defaultConfigurationIsVisible = 0;
		};
		95F2780B1CDBA40700E70847 /* Build configuration list for PBXNativeTarget "tipsterTests" */ = {
			isa = XCConfigurationList;
			buildConfigurations = (
				95F2780C1CDBA40700E70847 /* Debug */,
				95F2780D1CDBA40700E70847 /* Release */,
			);
			defaultConfigurationIsVisible = 0;
		};
		95F2780E1CDBA40700E70847 /* Build configuration list for PBXNativeTarget "tipsterUITests" */ = {
			isa = XCConfigurationList;
			buildConfigurations = (
				95F2780F1CDBA40700E70847 /* Debug */,
				95F278101CDBA40700E70847 /* Release */,
			);
			defaultConfigurationIsVisible = 0;
		};
/* End XCConfigurationList section */
	};
	rootObject = 95F277D81CDBA40600E70847 /* Project object */;
}
